
Microsoft Visual Studio Solution File, Format Version 12.00
# Visual Studio 15
VisualStudioVersion = 15.0.26124.0
MinimumVisualStudioVersion = 15.0.26124.0
Project("{FAE04EC0-301F-11D3-BF4B-00C04F79EFBC}") = "Informatica.Negocio", "Informatica.Negocio\Informatica.Negocio.csproj", "{E405E1C5-312E-43CC-8969-C9EE1CA2E655}"
EndProject
Project("{FAE04EC0-301F-11D3-BF4B-00C04F79EFBC}") = "Informatica.Negocio.Test", "Informatica.Negocio.Test\Informatica.Negocio.Test.csproj", "{8E43F961-92AF-49C4-9103-A3D2C6BF26E1}"
EndProject
Global
	GlobalSection(SolutionConfigurationPlatforms) = preSolution
		Debug|Any CPU = Debug|Any CPU
		Debug|x64 = Debug|x64
		Debug|x86 = Debug|x86
		Release|Any CPU = Release|Any CPU
		Release|x64 = Release|x64
		Release|x86 = Release|x86
	EndGlobalSection
	GlobalSection(SolutionProperties) = preSolution
		HideSolutionNode = FALSE
	EndGlobalSection
	GlobalSection(ProjectConfigurationPlatforms) = postSolution
		{E405E1C5-312E-43CC-8969-C9EE1CA2E655}.Debug|Any CPU.ActiveCfg = Debug|Any CPU
		{E405E1C5-312E-43CC-8969-C9EE1CA2E655}.Debug|Any CPU.Build.0 = Debug|Any CPU
		{E405E1C5-312E-43CC-8969-C9EE1CA2E655}.Debug|x64.ActiveCfg = Debug|Any CPU
		{E405E1C5-312E-43CC-8969-C9EE1CA2E655}.Debug|x64.Build.0 = Debug|Any CPU
		{E405E1C5-312E-43CC-8969-C9EE1CA2E655}.Debug|x86.ActiveCfg = Debug|Any CPU
		{E405E1C5-312E-43CC-8969-C9EE1CA2E655}.Debug|x86.Build.0 = Debug|Any CPU
		{E405E1C5-312E-43CC-8969-C9EE1CA2E655}.Release|Any CPU.ActiveCfg = Release|Any CPU
		{E405E1C5-312E-43CC-8969-C9EE1CA2E655}.Release|Any CPU.Build.0 = Release|Any CPU
		{E405E1C5-312E-43CC-8969-C9EE1CA2E655}.Release|x64.ActiveCfg = Release|Any CPU
		{E405E1C5-312E-43CC-8969-C9EE1CA2E655}.Release|x64.Build.0 = Release|Any CPU
		{E405E1C5-312E-43CC-8969-C9EE1CA2E655}.Release|x86.ActiveCfg = Release|Any CPU
		{E405E1C5-312E-43CC-8969-C9EE1CA2E655}.Release|x86.Build.0 = Release|Any CPU
		{8E43F961-92AF-49C4-9103-A3D2C6BF26E1}.Debug|Any CPU.ActiveCfg = Debug|Any CPU
		{8E43F961-92AF-49C4-9103-A3D2C6BF26E1}.Debug|Any CPU.Build.0 = Debug|Any CPU
		{8E43F961-92AF-49C4-9103-A3D2C6BF26E1}.Debug|x64.ActiveCfg = Debug|Any CPU
		{8E43F961-92AF-49C4-9103-A3D2C6BF26E1}.Debug|x64.Build.0 = Debug|Any CPU
		{8E43F961-92AF-49C4-9103-A3D2C6BF26E1}.Debug|x86.ActiveCfg = Debug|Any CPU
		{8E43F961-92AF-49C4-9103-A3D2C6BF26E1}.Debug|x86.Build.0 = Debug|Any CPU
		{8E43F961-92AF-49C4-9103-A3D2C6BF26E1}.Release|Any CPU.ActiveCfg = Release|Any CPU
		{8E43F961-92AF-49C4-9103-A3D2C6BF26E1}.Release|Any CPU.Build.0 = Release|Any CPU
		{8E43F961-92AF-49C4-9103-A3D2C6BF26E1}.Release|x64.ActiveCfg = Release|Any CPU
		{8E43F961-92AF-49C4-9103-A3D2C6BF26E1}.Release|x64.Build.0 = Release|Any CPU
		{8E43F961-92AF-49C4-9103-A3D2C6BF26E1}.Release|x86.ActiveCfg = Release|Any CPU
		{8E43F961-92AF-49C4-9103-A3D2C6BF26E1}.Release|x86.Build.0 = Release|Any CPU
	EndGlobalSection
EndGlobal
